// !$*UTF8*$!
{
	archiveVersion = 1;
	classes = {
	};
	objectVersion = 56;
	objects = {

/* Begin PBXBuildFile section */
		C353C1ED29F66A7C000E15CE /* TeamView.swift in Sources */ = {isa = PBXBuildFile; fileRef = C353C1EC29F66A7C000E15CE /* TeamView.swift */; };
		C353C1EF29F66B8A000E15CE /* TeamListView.swift in Sources */ = {isa = PBXBuildFile; fileRef = C353C1EE29F66B8A000E15CE /* TeamListView.swift */; };
		C353C1F129F66BF4000E15CE /* SettingsView.swift in Sources */ = {isa = PBXBuildFile; fileRef = C353C1F029F66BF4000E15CE /* SettingsView.swift */; };
		C353C1F429F66CC7000E15CE /* StatisticView.swift in Sources */ = {isa = PBXBuildFile; fileRef = C353C1F329F66CC7000E15CE /* StatisticView.swift */; };
		C353C1F629F66CEC000E15CE /* GamesListView.swift in Sources */ = {isa = PBXBuildFile; fileRef = C353C1F529F66CEC000E15CE /* GamesListView.swift */; };
		C353C1F829F69F75000E15CE /* Extentions.swift in Sources */ = {isa = PBXBuildFile; fileRef = C353C1F729F69F75000E15CE /* Extentions.swift */; };
		C37975CF29D2FF850008E068 /* VolleyBallStatistic_SwiftUI_App.swift in Sources */ = {isa = PBXBuildFile; fileRef = C37975CE29D2FF850008E068 /* VolleyBallStatistic_SwiftUI_App.swift */; };
		C37975D129D2FF850008E068 /* ContentView.swift in Sources */ = {isa = PBXBuildFile; fileRef = C37975D029D2FF850008E068 /* ContentView.swift */; };
		C37975D329D2FF8E0008E068 /* Assets.xcassets in Resources */ = {isa = PBXBuildFile; fileRef = C37975D229D2FF8E0008E068 /* Assets.xcassets */; };
		C37975D629D2FF8E0008E068 /* Preview Assets.xcassets in Resources */ = {isa = PBXBuildFile; fileRef = C37975D529D2FF8E0008E068 /* Preview Assets.xcassets */; };
		C37975DD29D464110008E068 /* PlayerModel.swift in Sources */ = {isa = PBXBuildFile; fileRef = C37975DC29D464110008E068 /* PlayerModel.swift */; };
		C37975DF29D47ABC0008E068 /* PlayerView.swift in Sources */ = {isa = PBXBuildFile; fileRef = C37975DE29D47ABC0008E068 /* PlayerView.swift */; };
		C37975E129D4881F0008E068 /* PlayerListView.swift in Sources */ = {isa = PBXBuildFile; fileRef = C37975E029D4881F0008E068 /* PlayerListView.swift */; };
		C37975E329D592890008E068 /* UserDefaultsManager.swift in Sources */ = {isa = PBXBuildFile; fileRef = C37975E229D592890008E068 /* UserDefaultsManager.swift */; };
		C37975E529D5CBD30008E068 /* PhotoPicker.swift in Sources */ = {isa = PBXBuildFile; fileRef = C37975E429D5CBD20008E068 /* PhotoPicker.swift */; };
		C3B44EEA29F2C05B00ABA875 /* GameView.swift in Sources */ = {isa = PBXBuildFile; fileRef = C3B44EE929F2C05B00ABA875 /* GameView.swift */; };
/* End PBXBuildFile section */

/* Begin PBXFileReference section */
		C353C1EC29F66A7C000E15CE /* TeamView.swift */ = {isa = PBXFileReference; lastKnownFileType = sourcecode.swift; path = TeamView.swift; sourceTree = "<group>"; };
		C353C1EE29F66B8A000E15CE /* TeamListView.swift */ = {isa = PBXFileReference; lastKnownFileType = sourcecode.swift; path = TeamListView.swift; sourceTree = "<group>"; };
		C353C1F029F66BF4000E15CE /* SettingsView.swift */ = {isa = PBXFileReference; lastKnownFileType = sourcecode.swift; path = SettingsView.swift; sourceTree = "<group>"; };
		C353C1F329F66CC7000E15CE /* StatisticView.swift */ = {isa = PBXFileReference; lastKnownFileType = sourcecode.swift; path = StatisticView.swift; sourceTree = "<group>"; };
		C353C1F529F66CEC000E15CE /* GamesListView.swift */ = {isa = PBXFileReference; lastKnownFileType = sourcecode.swift; path = GamesListView.swift; sourceTree = "<group>"; };
		C353C1F729F69F75000E15CE /* Extentions.swift */ = {isa = PBXFileReference; lastKnownFileType = sourcecode.swift; path = Extentions.swift; sourceTree = "<group>"; };
		C37975CB29D2FF850008E068 /* VolleyBallStatistic(SwiftUI).app */ = {isa = PBXFileReference; explicitFileType = wrapper.application; includeInIndex = 0; path = "VolleyBallStatistic(SwiftUI).app"; sourceTree = BUILT_PRODUCTS_DIR; };
		C37975CE29D2FF850008E068 /* VolleyBallStatistic_SwiftUI_App.swift */ = {isa = PBXFileReference; lastKnownFileType = sourcecode.swift; path = VolleyBallStatistic_SwiftUI_App.swift; sourceTree = "<group>"; };
		C37975D029D2FF850008E068 /* ContentView.swift */ = {isa = PBXFileReference; lastKnownFileType = sourcecode.swift; path = ContentView.swift; sourceTree = "<group>"; };
		C37975D229D2FF8E0008E068 /* Assets.xcassets */ = {isa = PBXFileReference; lastKnownFileType = folder.assetcatalog; path = Assets.xcassets; sourceTree = "<group>"; };
		C37975D529D2FF8E0008E068 /* Preview Assets.xcassets */ = {isa = PBXFileReference; lastKnownFileType = folder.assetcatalog; path = "Preview Assets.xcassets"; sourceTree = "<group>"; };
		C37975DC29D464110008E068 /* PlayerModel.swift */ = {isa = PBXFileReference; lastKnownFileType = sourcecode.swift; path = PlayerModel.swift; sourceTree = "<group>"; };
		C37975DE29D47ABC0008E068 /* PlayerView.swift */ = {isa = PBXFileReference; lastKnownFileType = sourcecode.swift; path = PlayerView.swift; sourceTree = "<group>"; };
		C37975E029D4881F0008E068 /* PlayerListView.swift */ = {isa = PBXFileReference; lastKnownFileType = sourcecode.swift; path = PlayerListView.swift; sourceTree = "<group>"; };
		C37975E229D592890008E068 /* UserDefaultsManager.swift */ = {isa = PBXFileReference; lastKnownFileType = sourcecode.swift; path = UserDefaultsManager.swift; sourceTree = "<group>"; };
		C37975E429D5CBD20008E068 /* PhotoPicker.swift */ = {isa = PBXFileReference; lastKnownFileType = sourcecode.swift; path = PhotoPicker.swift; sourceTree = "<group>"; };
		C3B44EE929F2C05B00ABA875 /* GameView.swift */ = {isa = PBXFileReference; lastKnownFileType = sourcecode.swift; path = GameView.swift; sourceTree = "<group>"; };
/* End PBXFileReference section */

/* Begin PBXFrameworksBuildPhase section */
		C37975C829D2FF850008E068 /* Frameworks */ = {
			isa = PBXFrameworksBuildPhase;
			buildActionMask = 2147483647;
			files = (
			);
			runOnlyForDeploymentPostprocessing = 0;
		};
/* End PBXFrameworksBuildPhase section */

/* Begin PBXGroup section */
		C353C1F229F66C0C000E15CE /* Model */ = {
			isa = PBXGroup;
			children = (
				C37975DC29D464110008E068 /* PlayerModel.swift */,
			);
			path = Model;
			sourceTree = "<group>";
		};
		C37975C229D2FF850008E068 = {
			isa = PBXGroup;
			children = (
				C37975CD29D2FF850008E068 /* VolleyBallStatistic(SwiftUI) */,
				C37975CC29D2FF850008E068 /* Products */,
			);
			sourceTree = "<group>";
		};
		C37975CC29D2FF850008E068 /* Products */ = {
			isa = PBXGroup;
			children = (
				C37975CB29D2FF850008E068 /* VolleyBallStatistic(SwiftUI).app */,
			);
			name = Products;
			sourceTree = "<group>";
		};
		C37975CD29D2FF850008E068 /* VolleyBallStatistic(SwiftUI) */ = {
			isa = PBXGroup;
			children = (
				C37975CE29D2FF850008E068 /* VolleyBallStatistic_SwiftUI_App.swift */,
				C3B44EEB29F2C06200ABA875 /* View */,
				C353C1F229F66C0C000E15CE /* Model */,
				C37975E429D5CBD20008E068 /* PhotoPicker.swift */,
				C353C1F729F69F75000E15CE /* Extentions.swift */,
				C37975E229D592890008E068 /* UserDefaultsManager.swift */,
				C37975D229D2FF8E0008E068 /* Assets.xcassets */,
				C37975D429D2FF8E0008E068 /* Preview Content */,
			);
			path = "VolleyBallStatistic(SwiftUI)";
			sourceTree = "<group>";
		};
		C37975D429D2FF8E0008E068 /* Preview Content */ = {
			isa = PBXGroup;
			children = (
				C37975D529D2FF8E0008E068 /* Preview Assets.xcassets */,
			);
			path = "Preview Content";
			sourceTree = "<group>";
		};
		C3B44EEB29F2C06200ABA875 /* View */ = {
			isa = PBXGroup;
			children = (
				C37975D029D2FF850008E068 /* ContentView.swift */,
				C37975DE29D47ABC0008E068 /* PlayerView.swift */,
				C37975E029D4881F0008E068 /* PlayerListView.swift */,
				C3B44EE929F2C05B00ABA875 /* GameView.swift */,
				C353C1EC29F66A7C000E15CE /* TeamView.swift */,
				C353C1EE29F66B8A000E15CE /* TeamListView.swift */,
				C353C1F029F66BF4000E15CE /* SettingsView.swift */,
				C353C1F329F66CC7000E15CE /* StatisticView.swift */,
				C353C1F529F66CEC000E15CE /* GamesListView.swift */,
			);
			path = View;
			sourceTree = "<group>";
		};
/* End PBXGroup section */

/* Begin PBXNativeTarget section */
		C37975CA29D2FF850008E068 /* VolleyBallStatistic(SwiftUI) */ = {
			isa = PBXNativeTarget;
			buildConfigurationList = C37975D929D2FF8E0008E068 /* Build configuration list for PBXNativeTarget "VolleyBallStatistic(SwiftUI)" */;
			buildPhases = (
				C37975C729D2FF850008E068 /* Sources */,
				C37975C829D2FF850008E068 /* Frameworks */,
				C37975C929D2FF850008E068 /* Resources */,
			);
			buildRules = (
			);
			dependencies = (
			);
			name = "VolleyBallStatistic(SwiftUI)";
			productName = "VolleyBallStatistic(SwiftUI)";
			productReference = C37975CB29D2FF850008E068 /* VolleyBallStatistic(SwiftUI).app */;
			productType = "com.apple.product-type.application";
		};
/* End PBXNativeTarget section */

/* Begin PBXProject section */
		C37975C329D2FF850008E068 /* Project object */ = {
			isa = PBXProject;
			attributes = {
				BuildIndependentTargetsInParallel = 1;
				LastSwiftUpdateCheck = 1420;
				LastUpgradeCheck = 1420;
				TargetAttributes = {
					C37975CA29D2FF850008E068 = {
						CreatedOnToolsVersion = 14.2;
					};
				};
			};
			buildConfigurationList = C37975C629D2FF850008E068 /* Build configuration list for PBXProject "VolleyBallStatistic(SwiftUI)" */;
			compatibilityVersion = "Xcode 14.0";
			developmentRegion = en;
			hasScannedForEncodings = 0;
			knownRegions = (
				en,
				Base,
			);
			mainGroup = C37975C229D2FF850008E068;
			productRefGroup = C37975CC29D2FF850008E068 /* Products */;
			projectDirPath = "";
			projectRoot = "";
			targets = (
				C37975CA29D2FF850008E068 /* VolleyBallStatistic(SwiftUI) */,
			);
		};
/* End PBXProject section */

/* Begin PBXResourcesBuildPhase section */
		C37975C929D2FF850008E068 /* Resources */ = {
			isa = PBXResourcesBuildPhase;
			buildActionMask = 2147483647;
			files = (
				C37975D629D2FF8E0008E068 /* Preview Assets.xcassets in Resources */,
				C37975D329D2FF8E0008E068 /* Assets.xcassets in Resources */,
			);
			runOnlyForDeploymentPostprocessing = 0;
		};
/* End PBXResourcesBuildPhase section */

/* Begin PBXSourcesBuildPhase section */
		C37975C729D2FF850008E068 /* Sources */ = {
			isa = PBXSourcesBuildPhase;
			buildActionMask = 2147483647;
			files = (
				C37975E529D5CBD30008E068 /* PhotoPicker.swift in Sources */,
				C353C1F429F66CC7000E15CE /* StatisticView.swift in Sources */,
				C37975E129D4881F0008E068 /* PlayerListView.swift in Sources */,
				C37975D129D2FF850008E068 /* ContentView.swift in Sources */,
				C37975E329D592890008E068 /* UserDefaultsManager.swift in Sources */,
				C37975DD29D464110008E068 /* PlayerModel.swift in Sources */,
				C353C1F829F69F75000E15CE /* Extentions.swift in Sources */,
				C37975CF29D2FF850008E068 /* VolleyBallStatistic_SwiftUI_App.swift in Sources */,
				C3B44EEA29F2C05B00ABA875 /* GameView.swift in Sources */,
				C353C1EF29F66B8A000E15CE /* TeamListView.swift in Sources */,
				C37975DF29D47ABC0008E068 /* PlayerView.swift in Sources */,
				C353C1ED29F66A7C000E15CE /* TeamView.swift in Sources */,
				C353C1F629F66CEC000E15CE /* GamesListView.swift in Sources */,
				C353C1F129F66BF4000E15CE /* SettingsView.swift in Sources */,
			);
			runOnlyForDeploymentPostprocessing = 0;
		};
/* End PBXSourcesBuildPhase section */

/* Begin XCBuildConfiguration section */
		C37975D729D2FF8E0008E068 /* Debug */ = {
			isa = XCBuildConfiguration;
			buildSettings = {
				ALWAYS_SEARCH_USER_PATHS = NO;
				CLANG_ANALYZER_NONNULL = YES;
				CLANG_ANALYZER_NUMBER_OBJECT_CONVERSION = YES_AGGRESSIVE;
				CLANG_CXX_LANGUAGE_STANDARD = "gnu++20";
				CLANG_ENABLE_MODULES = YES;
				CLANG_ENABLE_OBJC_ARC = YES;
				CLANG_ENABLE_OBJC_WEAK = YES;
				CLANG_WARN_BLOCK_CAPTURE_AUTORELEASING = YES;
				CLANG_WARN_BOOL_CONVERSION = YES;
				CLANG_WARN_COMMA = YES;
				CLANG_WARN_CONSTANT_CONVERSION = YES;
				CLANG_WARN_DEPRECATED_OBJC_IMPLEMENTATIONS = YES;
				CLANG_WARN_DIRECT_OBJC_ISA_USAGE = YES_ERROR;
				CLANG_WARN_DOCUMENTATION_COMMENTS = YES;
				CLANG_WARN_EMPTY_BODY = YES;
				CLANG_WARN_ENUM_CONVERSION = YES;
				CLANG_WARN_INFINITE_RECURSION = YES;
				CLANG_WARN_INT_CONVERSION = YES;
				CLANG_WARN_NON_LITERAL_NULL_CONVERSION = YES;
				CLANG_WARN_OBJC_IMPLICIT_RETAIN_SELF = YES;
				CLANG_WARN_OBJC_LITERAL_CONVERSION = YES;
				CLANG_WARN_OBJC_ROOT_CLASS = YES_ERROR;
				CLANG_WARN_QUOTED_INCLUDE_IN_FRAMEWORK_HEADER = YES;
				CLANG_WARN_RANGE_LOOP_ANALYSIS = YES;
				CLANG_WARN_STRICT_PROTOTYPES = YES;
				CLANG_WARN_SUSPICIOUS_MOVE = YES;
				CLANG_WARN_UNGUARDED_AVAILABILITY = YES_AGGRESSIVE;
				CLANG_WARN_UNREACHABLE_CODE = YES;
				CLANG_WARN__DUPLICATE_METHOD_MATCH = YES;
				COPY_PHASE_STRIP = NO;
				DEBUG_INFORMATION_FORMAT = dwarf;
				ENABLE_STRICT_OBJC_MSGSEND = YES;
				ENABLE_TESTABILITY = YES;
				GCC_C_LANGUAGE_STANDARD = gnu11;
				GCC_DYNAMIC_NO_PIC = NO;
				GCC_NO_COMMON_BLOCKS = YES;
				GCC_OPTIMIZATION_LEVEL = 0;
				GCC_PREPROCESSOR_DEFINITIONS = (
					"DEBUG=1",
					"$(inherited)",
				);
				GCC_WARN_64_TO_32_BIT_CONVERSION = YES;
				GCC_WARN_ABOUT_RETURN_TYPE = YES_ERROR;
				GCC_WARN_UNDECLARED_SELECTOR = YES;
				GCC_WARN_UNINITIALIZED_AUTOS = YES_AGGRESSIVE;
				GCC_WARN_UNUSED_FUNCTION = YES;
				GCC_WARN_UNUSED_VARIABLE = YES;
				IPHONEOS_DEPLOYMENT_TARGET = 16.2;
				MTL_ENABLE_DEBUG_INFO = INCLUDE_SOURCE;
				MTL_FAST_MATH = YES;
				ONLY_ACTIVE_ARCH = YES;
				SDKROOT = iphoneos;
				SWIFT_ACTIVE_COMPILATION_CONDITIONS = DEBUG;
				SWIFT_OPTIMIZATION_LEVEL = "-Onone";
			};
			name = Debug;
		};
		C37975D829D2FF8E0008E068 /* Release */ = {
			isa = XCBuildConfiguration;
			buildSettings = {
				ALWAYS_SEARCH_USER_PATHS = NO;
				CLANG_ANALYZER_NONNULL = YES;
				CLANG_ANALYZER_NUMBER_OBJECT_CONVERSION = YES_AGGRESSIVE;
				CLANG_CXX_LANGUAGE_STANDARD = "gnu++20";
				CLANG_ENABLE_MODULES = YES;
				CLANG_ENABLE_OBJC_ARC = YES;
				CLANG_ENABLE_OBJC_WEAK = YES;
				CLANG_WARN_BLOCK_CAPTURE_AUTORELEASING = YES;
				CLANG_WARN_BOOL_CONVERSION = YES;
				CLANG_WARN_COMMA = YES;
				CLANG_WARN_CONSTANT_CONVERSION = YES;
				CLANG_WARN_DEPRECATED_OBJC_IMPLEMENTATIONS = YES;
				CLANG_WARN_DIRECT_OBJC_ISA_USAGE = YES_ERROR;
				CLANG_WARN_DOCUMENTATION_COMMENTS = YES;
				CLANG_WARN_EMPTY_BODY = YES;
				CLANG_WARN_ENUM_CONVERSION = YES;
				CLANG_WARN_INFINITE_RECURSION = YES;
				CLANG_WARN_INT_CONVERSION = YES;
				CLANG_WARN_NON_LITERAL_NULL_CONVERSION = YES;
				CLANG_WARN_OBJC_IMPLICIT_RETAIN_SELF = YES;
				CLANG_WARN_OBJC_LITERAL_CONVERSION = YES;
				CLANG_WARN_OBJC_ROOT_CLASS = YES_ERROR;
				CLANG_WARN_QUOTED_INCLUDE_IN_FRAMEWORK_HEADER = YES;
				CLANG_WARN_RANGE_LOOP_ANALYSIS = YES;
				CLANG_WARN_STRICT_PROTOTYPES = YES;
				CLANG_WARN_SUSPICIOUS_MOVE = YES;
				CLANG_WARN_UNGUARDED_AVAILABILITY = YES_AGGRESSIVE;
				CLANG_WARN_UNREACHABLE_CODE = YES;
				CLANG_WARN__DUPLICATE_METHOD_MATCH = YES;
				COPY_PHASE_STRIP = NO;
				DEBUG_INFORMATION_FORMAT = "dwarf-with-dsym";
				ENABLE_NS_ASSERTIONS = NO;
				ENABLE_STRICT_OBJC_MSGSEND = YES;
				GCC_C_LANGUAGE_STANDARD = gnu11;
				GCC_NO_COMMON_BLOCKS = YES;
				GCC_WARN_64_TO_32_BIT_CONVERSION = YES;
				GCC_WARN_ABOUT_RETURN_TYPE = YES_ERROR;
				GCC_WARN_UNDECLARED_SELECTOR = YES;
				GCC_WARN_UNINITIALIZED_AUTOS = YES_AGGRESSIVE;
				GCC_WARN_UNUSED_FUNCTION = YES;
				GCC_WARN_UNUSED_VARIABLE = YES;
				IPHONEOS_DEPLOYMENT_TARGET = 16.2;
				MTL_ENABLE_DEBUG_INFO = NO;
				MTL_FAST_MATH = YES;
				SDKROOT = iphoneos;
				SWIFT_COMPILATION_MODE = wholemodule;
				SWIFT_OPTIMIZATION_LEVEL = "-O";
				VALIDATE_PRODUCT = YES;
			};
			name = Release;
		};
		C37975DA29D2FF8E0008E068 /* Debug */ = {
			isa = XCBuildConfiguration;
			buildSettings = {
				ASSETCATALOG_COMPILER_APPICON_NAME = AppIcon;
				ASSETCATALOG_COMPILER_GLOBAL_ACCENT_COLOR_NAME = AccentColor;
				CODE_SIGN_STYLE = Automatic;
				CURRENT_PROJECT_VERSION = 1;
				DEVELOPMENT_ASSET_PATHS = "\"VolleyBallStatistic(SwiftUI)/Preview Content\"";
				DEVELOPMENT_TEAM = 4AHFU5YC98;
				ENABLE_PREVIEWS = YES;
				GENERATE_INFOPLIST_FILE = YES;
				INFOPLIST_KEY_UIApplicationSceneManifest_Generation = YES;
				INFOPLIST_KEY_UIApplicationSupportsIndirectInputEvents = YES;
				INFOPLIST_KEY_UILaunchScreen_Generation = YES;
				INFOPLIST_KEY_UISupportedInterfaceOrientations_iPad = "UIInterfaceOrientationPortrait UIInterfaceOrientationPortraitUpsideDown UIInterfaceOrientationLandscapeLeft UIInterfaceOrientationLandscapeRight";
				INFOPLIST_KEY_UISupportedInterfaceOrientations_iPhone = "UIInterfaceOrientationPortrait UIInterfaceOrientationLandscapeLeft UIInterfaceOrientationLandscapeRight";
				IPHONEOS_DEPLOYMENT_TARGET = 15.6;
				LD_RUNPATH_SEARCH_PATHS = (
					"$(inherited)",
					"@executable_path/Frameworks",
				);
				MARKETING_VERSION = 1.0;
				PRODUCT_BUNDLE_IDENTIFIER = "com.romanY.VolleyBallStatistic-SwiftUI-";
				PRODUCT_NAME = "$(TARGET_NAME)";
				SWIFT_EMIT_LOC_STRINGS = YES;
				SWIFT_VERSION = 5.0;
				TARGETED_DEVICE_FAMILY = "1,2";
			};
			name = Debug;
		};
		C37975DB29D2FF8E0008E068 /* Release */ = {
			isa = XCBuildConfiguration;
			buildSettings = {
				ASSETCATALOG_COMPILER_APPICON_NAME = AppIcon;
				ASSETCATALOG_COMPILER_GLOBAL_ACCENT_COLOR_NAME = AccentColor;
				CODE_SIGN_STYLE = Automatic;
				CURRENT_PROJECT_VERSION = 1;
				DEVELOPMENT_ASSET_PATHS = "\"VolleyBallStatistic(SwiftUI)/Preview Content\"";
				DEVELOPMENT_TEAM = 4AHFU5YC98;
				ENABLE_PREVIEWS = YES;
				GENERATE_INFOPLIST_FILE = YES;
				INFOPLIST_KEY_UIApplicationSceneManifest_Generation = YES;
				INFOPLIST_KEY_UIApplicationSupportsIndirectInputEvents = YES;
				INFOPLIST_KEY_UILaunchScreen_Generation = YES;
				INFOPLIST_KEY_UISupportedInterfaceOrientations_iPad = "UIInterfaceOrientationPortrait UIInterfaceOrientationPortraitUpsideDown UIInterfaceOrientationLandscapeLeft UIInterfaceOrientationLandscapeRight";
				INFOPLIST_KEY_UISupportedInterfaceOrientations_iPhone = "UIInterfaceOrientationPortrait UIInterfaceOrientationLandscapeLeft UIInterfaceOrientationLandscapeRight";
				IPHONEOS_DEPLOYMENT_TARGET = 15.6;
				LD_RUNPATH_SEARCH_PATHS = (
					"$(inherited)",
					"@executable_path/Frameworks",
				);
				MARKETING_VERSION = 1.0;
				PRODUCT_BUNDLE_IDENTIFIER = "com.romanY.VolleyBallStatistic-SwiftUI-";
				PRODUCT_NAME = "$(TARGET_NAME)";
				SWIFT_EMIT_LOC_STRINGS = YES;
				SWIFT_VERSION = 5.0;
				TARGETED_DEVICE_FAMILY = "1,2";
			};
			name = Release;
		};
/* End XCBuildConfiguration section */

/* Begin XCConfigurationList section */
		C37975C629D2FF850008E068 /* Build configuration list for PBXProject "VolleyBallStatistic(SwiftUI)" */ = {
			isa = XCConfigurationList;
			buildConfigurations = (
				C37975D729D2FF8E0008E068 /* Debug */,
				C37975D829D2FF8E0008E068 /* Release */,
			);
			defaultConfigurationIsVisible = 0;
			defaultConfigurationName = Release;
		};
		C37975D929D2FF8E0008E068 /* Build configuration list for PBXNativeTarget "VolleyBallStatistic(SwiftUI)" */ = {
			isa = XCConfigurationList;
			buildConfigurations = (
				C37975DA29D2FF8E0008E068 /* Debug */,
				C37975DB29D2FF8E0008E068 /* Release */,
			);
			defaultConfigurationIsVisible = 0;
			defaultConfigurationName = Release;
		};
/* End XCConfigurationList section */
	};
	rootObject = C37975C329D2FF850008E068 /* Project object */;
}
